
Microsoft Visual Studio Solution File, Format Version 11.00
# Visual Studio 2010
Project("{002A2DE9-8BB6-484D-9802-7E4AD4084715}") = "DDCPU_16", "DDCPU-16\DDCPU-16.visualdproj", "{16808C33-A63F-4F91-BEE6-3D46976C4678}"
EndProject
Global
	GlobalSection(SolutionConfigurationPlatforms) = preSolution
		Debug|Win32 = Debug|Win32
		Release|Win32 = Release|Win32
	EndGlobalSection
	GlobalSection(ProjectConfigurationPlatforms) = postSolution
		{16808C33-A63F-4F91-BEE6-3D46976C4678}.Debug|Win32.ActiveCfg = Debug|Win32
		{16808C33-A63F-4F91-BEE6-3D46976C4678}.Debug|Win32.Build.0 = Debug|Win32
		{16808C33-A63F-4F91-BEE6-3D46976C4678}.Release|Win32.ActiveCfg = Release|Win32
		{16808C33-A63F-4F91-BEE6-3D46976C4678}.Release|Win32.Build.0 = Release|Win32
	EndGlobalSection
	GlobalSection(SolutionProperties) = preSolution
		HideSolutionNode = FALSE
	EndGlobalSection
EndGlobal
